
Microsoft Visual Studio Solution File, Format Version 12.00
# Visual Studio Version 17
VisualStudioVersion = 17.5.33627.172
MinimumVisualStudioVersion = 10.0.40219.1
Project("{FAE04EC0-301F-11D3-BF4B-00C04F79EFBC}") = "Fiorelle-BACKEND", "Fiorelle-BACKEND\Fiorelle-BACKEND.csproj", "{3F7FA7E2-1515-41C2-BF30-4BF2520CA73B}"
EndProject
Global
	GlobalSection(SolutionConfigurationPlatforms) = preSolution
		Debug|Any CPU = Debug|Any CPU
		Release|Any CPU = Release|Any CPU
	EndGlobalSection
	GlobalSection(ProjectConfigurationPlatforms) = postSolution
		{3F7FA7E2-1515-41C2-BF30-4BF2520CA73B}.Debug|Any CPU.ActiveCfg = Debug|Any CPU
		{3F7FA7E2-1515-41C2-BF30-4BF2520CA73B}.Debug|Any CPU.Build.0 = Debug|Any CPU
		{3F7FA7E2-1515-41C2-BF30-4BF2520CA73B}.Release|Any CPU.ActiveCfg = Release|Any CPU
		{3F7FA7E2-1515-41C2-BF30-4BF2520CA73B}.Release|Any CPU.Build.0 = Release|Any CPU
	EndGlobalSection
	GlobalSection(SolutionProperties) = preSolution
		HideSolutionNode = FALSE
	EndGlobalSection
	GlobalSection(ExtensibilityGlobals) = postSolution
		SolutionGuid = {37DDD4B1-2760-4051-B26B-15DCFD192626}
	EndGlobalSection
EndGlobal
